
Microsoft Visual Studio Solution File, Format Version 12.00
# Visual Studio Version 16
VisualStudioVersion = 25.0.1706.0
MinimumVisualStudioVersion = 10.0.40219.1
Project("{FAE04EC0-301F-11D3-BF4B-00C04F79EFBC}") = "SearchIndexerTest", "SearchIndexerTest\SearchIndexerTest.csproj", "{68E1CA82-930B-461E-8323-052CAFF364E1}"
EndProject
Project("{FAE04EC0-301F-11D3-BF4B-00C04F79EFBC}") = "DatalakePathIndexerFunc", "DatalakePathIndexerFunc\DatalakePathIndexerFunc.csproj", "{7E374364-6CC7-48B6-B591-35FACBB67327}"
EndProject
Project("{FAE04EC0-301F-11D3-BF4B-00C04F79EFBC}") = "AzureSearchIndexer", "AzureSearchIndexer\AzureSearchIndexer.csproj", "{8450BA42-6306-4D8F-8DB0-7ED20711DE0D}"
EndProject
Project("{FAE04EC0-301F-11D3-BF4B-00C04F79EFBC}") = "IndexModels", "IndexModels\IndexModels.csproj", "{CA5075FC-F51A-41EC-8744-226B4444B4A5}"
EndProject
Project("{FAE04EC0-301F-11D3-BF4B-00C04F79EFBC}") = "AzureSearchIndexerTests", "AzureSearchIndexerTests\AzureSearchIndexerTests.csproj", "{1FC0D593-A699-4004-A168-C7240E94A28F}"
EndProject
Global
	GlobalSection(SolutionConfigurationPlatforms) = preSolution
		Debug|Any CPU = Debug|Any CPU
		Release|Any CPU = Release|Any CPU
	EndGlobalSection
	GlobalSection(ProjectConfigurationPlatforms) = postSolution
		{68E1CA82-930B-461E-8323-052CAFF364E1}.Debug|Any CPU.ActiveCfg = Debug|Any CPU
		{68E1CA82-930B-461E-8323-052CAFF364E1}.Debug|Any CPU.Build.0 = Debug|Any CPU
		{68E1CA82-930B-461E-8323-052CAFF364E1}.Release|Any CPU.ActiveCfg = Release|Any CPU
		{68E1CA82-930B-461E-8323-052CAFF364E1}.Release|Any CPU.Build.0 = Release|Any CPU
		{7E374364-6CC7-48B6-B591-35FACBB67327}.Debug|Any CPU.ActiveCfg = Debug|Any CPU
		{7E374364-6CC7-48B6-B591-35FACBB67327}.Debug|Any CPU.Build.0 = Debug|Any CPU
		{7E374364-6CC7-48B6-B591-35FACBB67327}.Release|Any CPU.ActiveCfg = Release|Any CPU
		{7E374364-6CC7-48B6-B591-35FACBB67327}.Release|Any CPU.Build.0 = Release|Any CPU
		{8450BA42-6306-4D8F-8DB0-7ED20711DE0D}.Debug|Any CPU.ActiveCfg = Debug|Any CPU
		{8450BA42-6306-4D8F-8DB0-7ED20711DE0D}.Debug|Any CPU.Build.0 = Debug|Any CPU
		{8450BA42-6306-4D8F-8DB0-7ED20711DE0D}.Release|Any CPU.ActiveCfg = Release|Any CPU
		{8450BA42-6306-4D8F-8DB0-7ED20711DE0D}.Release|Any CPU.Build.0 = Release|Any CPU
		{CA5075FC-F51A-41EC-8744-226B4444B4A5}.Debug|Any CPU.ActiveCfg = Debug|Any CPU
		{CA5075FC-F51A-41EC-8744-226B4444B4A5}.Debug|Any CPU.Build.0 = Debug|Any CPU
		{CA5075FC-F51A-41EC-8744-226B4444B4A5}.Release|Any CPU.ActiveCfg = Release|Any CPU
		{CA5075FC-F51A-41EC-8744-226B4444B4A5}.Release|Any CPU.Build.0 = Release|Any CPU
		{1FC0D593-A699-4004-A168-C7240E94A28F}.Debug|Any CPU.ActiveCfg = Debug|Any CPU
		{1FC0D593-A699-4004-A168-C7240E94A28F}.Debug|Any CPU.Build.0 = Debug|Any CPU
		{1FC0D593-A699-4004-A168-C7240E94A28F}.Release|Any CPU.ActiveCfg = Release|Any CPU
		{1FC0D593-A699-4004-A168-C7240E94A28F}.Release|Any CPU.Build.0 = Release|Any CPU
	EndGlobalSection
	GlobalSection(SolutionProperties) = preSolution
		HideSolutionNode = FALSE
	EndGlobalSection
	GlobalSection(ExtensibilityGlobals) = postSolution
		SolutionGuid = {92566C76-F414-49D0-95BE-40BFAF27A21A}
	EndGlobalSection
EndGlobal
